// !$*UTF8*$!
{
	archiveVersion = 1;
	classes = {
	};
	objectVersion = 46;
	objects = {

/* Begin PBXBuildFile section */
		149D5670E7184D60BF3D24B4 /* QuartzCore.framework in Frameworks */ = {isa = PBXBuildFile; fileRef = 7A792344B1C74EE2AE697AA4 /* QuartzCore.framework */; };
		AD9D294AAAE945EAB676C75B /* Foundation.framework in Frameworks */ = {isa = PBXBuildFile; fileRef = 1B39421144D4498DBEC7FD64 /* Foundation.framework */; };
		D0CA2923B0804D139E4F43BA /* CoreData.framework in Frameworks */ = {isa = PBXBuildFile; fileRef = 3DDCD18729694ADDA9514B46 /* CoreData.framework */; };
		EB707234314549E8B7F9A90B /* CoreGraphics.framework in Frameworks */ = {isa = PBXBuildFile; fileRef = 06460A5A279841BEBDC9E482 /* CoreGraphics.framework */; };
		F817F73D6FF24956801EA26B /* Stubs.m in Sources */ = {isa = PBXBuildFile; fileRef = 506E6384AEB2477997C98992 /* Stubs.m */; };
/* End PBXBuildFile section */

/* Begin PBXFileReference section */
		0348BDA018547E7400614756 /* Storyboard.storyboard */ = {isa = PBXFileReference; fileEncoding = 4; lastKnownFileType = file.storyboard; path = Storyboard.storyboard; sourceTree = "<group>"; };
		06460A5A279841BEBDC9E482 /* CoreGraphics.framework */ = {isa = PBXFileReference; lastKnownFileType = wrapper.framework; name = CoreGraphics.framework; path = Platforms/iPhoneOS.platform/Developer/SDKs/iPhoneOS7.0.sdk/System/Library/Frameworks/CoreGraphics.framework; sourceTree = DEVELOPER_DIR; };
		1B39421144D4498DBEC7FD64 /* Foundation.framework */ = {isa = PBXFileReference; lastKnownFileType = wrapper.framework; name = Foundation.framework; path = Platforms/iPhoneOS.platform/Developer/SDKs/iPhoneOS7.0.sdk/System/Library/Frameworks/Foundation.framework; sourceTree = DEVELOPER_DIR; };
		26DC526B1A2149E5BDB6D27D /* Stubs.h */ = {isa = PBXFileReference; includeInIndex = 1; lastKnownFileType = sourcecode.c.h; path = Stubs.h; sourceTree = "<group>"; };
		3DDCD18729694ADDA9514B46 /* CoreData.framework */ = {isa = PBXFileReference; lastKnownFileType = wrapper.framework; name = CoreData.framework; path = Platforms/iPhoneOS.platform/Developer/SDKs/iPhoneOS7.0.sdk/System/Library/Frameworks/CoreData.framework; sourceTree = DEVELOPER_DIR; };
		506E6384AEB2477997C98992 /* Stubs.m */ = {isa = PBXFileReference; includeInIndex = 1; lastKnownFileType = sourcecode.c.objc; path = Stubs.m; sourceTree = "<group>"; };
		5AC9CA3F20B14B49B2A686B1 /* Default-568h@2x.png */ = {isa = PBXFileReference; includeInIndex = 1; lastKnownFileType = image.png; path = "Default-568h@2x.png"; sourceTree = "<group>"; };
		7A792344B1C74EE2AE697AA4 /* QuartzCore.framework */ = {isa = PBXFileReference; lastKnownFileType = wrapper.framework; name = QuartzCore.framework; path = Platforms/iPhoneOS.platform/Developer/SDKs/iPhoneOS7.0.sdk/System/Library/Frameworks/QuartzCore.framework; sourceTree = DEVELOPER_DIR; };
		CAB52DBB76034AF68A0B7364 /* libib.a */ = {isa = PBXFileReference; explicitFileType = archive.ar; includeInIndex = 0; path = libib.a; sourceTree = BUILT_PRODUCTS_DIR; };
/* End PBXFileReference section */

/* Begin PBXFrameworksBuildPhase section */
		7749EAD27FF1495CB9B8F9DF /* Frameworks */ = {
			isa = PBXFrameworksBuildPhase;
			buildActionMask = 2147483647;
			files = (
				AD9D294AAAE945EAB676C75B /* Foundation.framework in Frameworks */,
				149D5670E7184D60BF3D24B4 /* QuartzCore.framework in Frameworks */,
				EB707234314549E8B7F9A90B /* CoreGraphics.framework in Frameworks */,
				D0CA2923B0804D139E4F43BA /* CoreData.framework in Frameworks */,
			);
			runOnlyForDeploymentPostprocessing = 0;
		};
/* End PBXFrameworksBuildPhase section */

/* Begin PBXGroup section */
		2523F0A5A99D4C04BCC9E3BF /* Supporting Files */ = {
			isa = PBXGroup;
			children = (
				26DC526B1A2149E5BDB6D27D /* Stubs.h */,
				506E6384AEB2477997C98992 /* Stubs.m */,
			);
			name = "Supporting Files";
			path = ib.xcodeproj;
			sourceTree = "<group>";
		};
		326DF25F003740ECA9D8CA69 /* Frameworks */ = {
			isa = PBXGroup;
			children = (
				ABEB632E0A5A460ABF783D80 /* iOS */,
			);
			name = Frameworks;
			sourceTree = "<group>";
		};
		614E0ED52305435F873B029A /* Resources */ = {
			isa = PBXGroup;
			children = (
				5AC9CA3F20B14B49B2A686B1 /* Default-568h@2x.png */,
			);
			name = Resources;
			path = resources;
			sourceTree = "<group>";
		};
		97CC048FF1CC43E09803875A /* Products */ = {
			isa = PBXGroup;
			children = (
				CAB52DBB76034AF68A0B7364 /* libib.a */,
			);
			name = Products;
			sourceTree = "<group>";
		};
		9A694D691B5C485D9A52931C = {
			isa = PBXGroup;
			children = (
				0348BDA018547E7400614756 /* Storyboard.storyboard */,
				97CC048FF1CC43E09803875A /* Products */,
				326DF25F003740ECA9D8CA69 /* Frameworks */,
				614E0ED52305435F873B029A /* Resources */,
				2523F0A5A99D4C04BCC9E3BF /* Supporting Files */,
				D3AA6B51AE1E46BBB20F558A /* Pods */,
			);
			sourceTree = "<group>";
		};
		ABEB632E0A5A460ABF783D80 /* iOS */ = {
			isa = PBXGroup;
			children = (
				1B39421144D4498DBEC7FD64 /* Foundation.framework */,
				7A792344B1C74EE2AE697AA4 /* QuartzCore.framework */,
				06460A5A279841BEBDC9E482 /* CoreGraphics.framework */,
				3DDCD18729694ADDA9514B46 /* CoreData.framework */,
			);
			name = iOS;
			sourceTree = "<group>";
		};
		D3AA6B51AE1E46BBB20F558A /* Pods */ = {
			isa = PBXGroup;
			children = (
			);
			name = Pods;
			path = vendor/Pods/Headers;
			sourceTree = "<group>";
		};
/* End PBXGroup section */

/* Begin PBXNativeTarget section */
		0937687332604356BACB1804 /* ib */ = {
			isa = PBXNativeTarget;
			buildConfigurationList = 329659FF68994F5C87B7A593 /* Build configuration list for PBXNativeTarget "ib" */;
			buildPhases = (
				AD624285B72942FBA8BD7EE2 /* Sources */,
				7749EAD27FF1495CB9B8F9DF /* Frameworks */,
			);
			buildRules = (
			);
			dependencies = (
			);
			name = ib;
			productName = ib;
			productReference = CAB52DBB76034AF68A0B7364 /* libib.a */;
			productType = "com.apple.product-type.library.static";
		};
/* End PBXNativeTarget section */

/* Begin PBXProject section */
		B2D026AC045B4A1D9429B3C3 /* Project object */ = {
			isa = PBXProject;
			attributes = {
				LastUpgradeCheck = 0500;
			};
			buildConfigurationList = 72F716696E184DFB8DA69437 /* Build configuration list for PBXProject "ib" */;
			compatibilityVersion = "Xcode 3.2";
			developmentRegion = English;
			hasScannedForEncodings = 0;
			knownRegions = (
				en,
			);
			mainGroup = 9A694D691B5C485D9A52931C;
			productRefGroup = 97CC048FF1CC43E09803875A /* Products */;
			projectDirPath = "";
			projectRoot = "";
			targets = (
				0937687332604356BACB1804 /* ib */,
			);
		};
/* End PBXProject section */

/* Begin PBXSourcesBuildPhase section */
		AD624285B72942FBA8BD7EE2 /* Sources */ = {
			isa = PBXSourcesBuildPhase;
			buildActionMask = 2147483647;
			files = (
				F817F73D6FF24956801EA26B /* Stubs.m in Sources */,
			);
			runOnlyForDeploymentPostprocessing = 0;
		};
/* End PBXSourcesBuildPhase section */

/* Begin XCBuildConfiguration section */
		67509E1EAA1F45F9BCD33AB1 /* Release */ = {
			isa = XCBuildConfiguration;
			buildSettings = {
				ALWAYS_SEARCH_USER_PATHS = NO;
				CLANG_CXX_LANGUAGE_STANDARD = "gnu++0x";
				CLANG_CXX_LIBRARY = "libc++";
				CLANG_ENABLE_MODULES = YES;
				CLANG_ENABLE_OBJC_ARC = YES;
				CLANG_WARN_BOOL_CONVERSION = YES;
				CLANG_WARN_CONSTANT_CONVERSION = YES;
				CLANG_WARN_DIRECT_OBJC_ISA_USAGE = YES_ERROR;
				CLANG_WARN_EMPTY_BODY = YES;
				CLANG_WARN_ENUM_CONVERSION = YES;
				CLANG_WARN_INT_CONVERSION = YES;
				CLANG_WARN_OBJC_ROOT_CLASS = YES_ERROR;
				COPY_PHASE_STRIP = NO;
				ENABLE_NS_ASSERTIONS = NO;
				GCC_C_LANGUAGE_STANDARD = gnu99;
				GCC_WARN_64_TO_32_BIT_CONVERSION = YES;
				GCC_WARN_ABOUT_RETURN_TYPE = YES_ERROR;
				GCC_WARN_UNDECLARED_SELECTOR = YES;
				GCC_WARN_UNINITIALIZED_AUTOS = YES;
				GCC_WARN_UNUSED_FUNCTION = YES;
				GCC_WARN_UNUSED_VARIABLE = YES;
				VALIDATE_PRODUCT = YES;
			};
			name = Release;
		};
		7284166F579447559E0FBEEE /* Debug */ = {
			isa = XCBuildConfiguration;
			buildSettings = {
				ALWAYS_SEARCH_USER_PATHS = NO;
				COPY_PHASE_STRIP = NO;
				DSTROOT = /tmp/xcodeproj.dst;
				GCC_C_LANGUAGE_STANDARD = gnu99;
				GCC_DYNAMIC_NO_PIC = NO;
				GCC_OPTIMIZATION_LEVEL = 0;
				GCC_PRECOMPILE_PREFIX_HEADER = YES;
				GCC_PREPROCESSOR_DEFINITIONS = (
					"DEBUG=1",
					"$(inherited)",
				);
				GCC_SYMBOLS_PRIVATE_EXTERN = NO;
				GCC_VERSION = com.apple.compilers.llvm.clang.1_0;
				INSTALL_PATH = "$(BUILT_PRODUCTS_DIR)";
				IPHONEOS_DEPLOYMENT_TARGET = 4.3;
				OTHER_LDFLAGS = "";
				PRODUCT_NAME = "$(TARGET_NAME)";
				PUBLIC_HEADERS_FOLDER_PATH = "$(TARGET_NAME)";
				SDKROOT = iphoneos;
				SKIP_INSTALL = YES;
			};
			name = Debug;
		};
		96F5F2187AE44CE0A97DFE59 /* Debug */ = {
			isa = XCBuildConfiguration;
			buildSettings = {
				ALWAYS_SEARCH_USER_PATHS = NO;
				CLANG_CXX_LANGUAGE_STANDARD = "gnu++0x";
				CLANG_CXX_LIBRARY = "libc++";
				CLANG_ENABLE_MODULES = YES;
				CLANG_ENABLE_OBJC_ARC = YES;
				CLANG_WARN_BOOL_CONVERSION = YES;
				CLANG_WARN_CONSTANT_CONVERSION = YES;
				CLANG_WARN_DIRECT_OBJC_ISA_USAGE = YES_ERROR;
				CLANG_WARN_EMPTY_BODY = YES;
				CLANG_WARN_ENUM_CONVERSION = YES;
				CLANG_WARN_INT_CONVERSION = YES;
				CLANG_WARN_OBJC_ROOT_CLASS = YES_ERROR;
				COPY_PHASE_STRIP = YES;
				GCC_C_LANGUAGE_STANDARD = gnu99;
				GCC_DYNAMIC_NO_PIC = NO;
				GCC_OPTIMIZATION_LEVEL = 0;
				GCC_PREPROCESSOR_DEFINITIONS = (
					"DEBUG=1",
					"$(inherited)",
				);
				GCC_SYMBOLS_PRIVATE_EXTERN = NO;
				GCC_WARN_64_TO_32_BIT_CONVERSION = YES;
				GCC_WARN_ABOUT_RETURN_TYPE = YES_ERROR;
				GCC_WARN_UNDECLARED_SELECTOR = YES;
				GCC_WARN_UNINITIALIZED_AUTOS = YES;
				GCC_WARN_UNUSED_FUNCTION = YES;
				GCC_WARN_UNUSED_VARIABLE = YES;
				ONLY_ACTIVE_ARCH = YES;
			};
			name = Debug;
		};
		E2EA244250AE45AA8837DDC4 /* Release */ = {
			isa = XCBuildConfiguration;
			buildSettings = {
				ALWAYS_SEARCH_USER_PATHS = NO;
				COPY_PHASE_STRIP = YES;
				DSTROOT = /tmp/xcodeproj.dst;
				GCC_C_LANGUAGE_STANDARD = gnu99;
				GCC_PRECOMPILE_PREFIX_HEADER = YES;
				GCC_VERSION = com.apple.compilers.llvm.clang.1_0;
				INSTALL_PATH = "$(BUILT_PRODUCTS_DIR)";
				IPHONEOS_DEPLOYMENT_TARGET = 4.3;
				OTHER_CFLAGS = (
					"-DNS_BLOCK_ASSERTIONS=1",
					"$(inherited)",
				);
				OTHER_CPLUSPLUSFLAGS = (
					"-DNS_BLOCK_ASSERTIONS=1",
					"$(inherited)",
				);
				OTHER_LDFLAGS = "";
				PRODUCT_NAME = "$(TARGET_NAME)";
				PUBLIC_HEADERS_FOLDER_PATH = "$(TARGET_NAME)";
				SDKROOT = iphoneos;
				SKIP_INSTALL = YES;
				VALIDATE_PRODUCT = YES;
			};
			name = Release;
		};
/* End XCBuildConfiguration section */

/* Begin XCConfigurationList section */
		329659FF68994F5C87B7A593 /* Build configuration list for PBXNativeTarget "ib" */ = {
			isa = XCConfigurationList;
			buildConfigurations = (
				E2EA244250AE45AA8837DDC4 /* Release */,
				7284166F579447559E0FBEEE /* Debug */,
			);
			defaultConfigurationIsVisible = 0;
			defaultConfigurationName = Release;
		};
		72F716696E184DFB8DA69437 /* Build configuration list for PBXProject "ib" */ = {
			isa = XCConfigurationList;
			buildConfigurations = (
				96F5F2187AE44CE0A97DFE59 /* Debug */,
				67509E1EAA1F45F9BCD33AB1 /* Release */,
			);
			defaultConfigurationIsVisible = 0;
			defaultConfigurationName = Release;
		};
/* End XCConfigurationList section */
	};
	rootObject = B2D026AC045B4A1D9429B3C3 /* Project object */;
}
